
Microsoft Visual Studio Solution File, Format Version 12.00
# Visual Studio 15
VisualStudioVersion = 15.0.27130.2027
MinimumVisualStudioVersion = 10.0.40219.1
Project("{FAE04EC0-301F-11D3-BF4B-00C04F79EFBC}") = "HaloAPITest", "HaloAPITest\HaloAPITest.csproj", "{0F89B0A4-60E7-47E2-A3A8-925DEC817049}"
EndProject
Global
	GlobalSection(SolutionConfigurationPlatforms) = preSolution
		Debug|Any CPU = Debug|Any CPU
		Release|Any CPU = Release|Any CPU
	EndGlobalSection
	GlobalSection(ProjectConfigurationPlatforms) = postSolution
		{0F89B0A4-60E7-47E2-A3A8-925DEC817049}.Debug|Any CPU.ActiveCfg = Debug|Any CPU
		{0F89B0A4-60E7-47E2-A3A8-925DEC817049}.Debug|Any CPU.Build.0 = Debug|Any CPU
		{0F89B0A4-60E7-47E2-A3A8-925DEC817049}.Release|Any CPU.ActiveCfg = Release|Any CPU
		{0F89B0A4-60E7-47E2-A3A8-925DEC817049}.Release|Any CPU.Build.0 = Release|Any CPU
	EndGlobalSection
	GlobalSection(SolutionProperties) = preSolution
		HideSolutionNode = FALSE
	EndGlobalSection
	GlobalSection(ExtensibilityGlobals) = postSolution
		SolutionGuid = {6F3A726B-4F89-4F5C-8483-E90349E8B9CF}
	EndGlobalSection
EndGlobal
